version = 1
revision = 3
requires-python = ">=3.12"

[[package]]
name = "msvc-runtime"
version = "14.44.35112"
source = { registry = "https://pypi.org/simple" }
wheels = [
    { url = "https://files.pythonhosted.org/packages/1f/7d/f86050e24fd78e76e56145b326bfd3e7ae2c028e87e0732802a0c5144223/msvc_runtime-14.44.35112-cp312-cp312-win32.whl", hash = "sha256:7c5af6756056dbf6f3593f69b0f4575dbbd9e8ec10d3108ff00437da811a7b67", size = 1921505, upload-time = "2025-08-08T03:57:54.509Z" },
    { url = "https://files.pythonhosted.org/packages/21/3b/134d04268ab8e35853cd007582076429b45d60d6abb1036d159be9c50342/msvc_runtime-14.44.35112-cp312-cp312-win_amd64.whl", hash = "sha256:32f9c706009e16ccc319d6947ce3bffe20e5192bee52b18cf48313f9e7bedfbe", size = 1921899, upload-time = "2025-08-08T03:57:55.648Z" },
    { url = "https://files.pythonhosted.org/packages/a0/38/f245d6d30a76655293575683aaa5f72a7a70fc8efa1637bf6fd9e5e7e665/msvc_runtime-14.44.35112-cp312-cp312-win_arm64.whl", hash = "sha256:62f272c51f30ce0de1b7a796e50af4d3911b76cbc9bc909917435d094f68d5fe", size = 3208186, upload-time = "2025-08-08T03:57:57.401Z" },
    { url = "https://files.pythonhosted.org/packages/b0/3b/590fcbf92fee8f0d3ac46cd8b32069b058d6ce7bfb8be6c07a35d9c9188b/msvc_runtime-14.44.35112-cp313-cp313-win32.whl", hash = "sha256:e60781114472891c34fe14cc45a19ac28d80e0084dfbce882b7475c40c743152", size = 1921506, upload-time = "2025-08-08T03:57:58.888Z" },
    { url = "https://files.pythonhosted.org/packages/fe/17/7a1eace5a7c6083bd99db861625c08bb37010dfbe90ed7a0194ae0281689/msvc_runtime-14.44.35112-cp313-cp313-win_amd64.whl", hash = "sha256:d4f6cf106aaf235f2a90952f9ec7de49e9946323880d051abf9745a6d4bf60bf", size = 1921893, upload-time = "2025-08-08T03:58:00.234Z" },
    { url = "https://files.pythonhosted.org/packages/33/0d/88d6183846ad33b4a8fcb82fc86f26f9b7e21d776a925b6c8ab89618234a/msvc_runtime-14.44.35112-cp313-cp313-win_arm64.whl", hash = "sha256:359152dc9769559fee4ffdaa19f1fc2b72ab1535631a6105116776b263a235ac", size = 3208191, upload-time = "2025-08-08T03:58:02.35Z" },
    { url = "https://files.pythonhosted.org/packages/d7/9c/b9ee5402fe9daf6f4dba458f11238289c606df05e0cc9f0750d5ada4ff3b/msvc_runtime-14.44.35112-cp314-cp314-win32.whl", hash = "sha256:99c22caa2755c76cfa34b741e96bee99c461480d709fb9c582492ccc0f03c7ae", size = 1976509, upload-time = "2025-08-08T03:58:03.698Z" },
    { url = "https://files.pythonhosted.org/packages/d2/48/7fb574a4bfa697574a7dc7105bc15ef6882125e7c77c794c5e73429de832/msvc_runtime-14.44.35112-cp314-cp314-win_amd64.whl", hash = "sha256:af179a6c552070e660493765efd5856283af3fed971ddc3577203a7d3f1ee8e7", size = 1976906, upload-time = "2025-08-08T03:58:05.079Z" },
    { url = "https://files.pythonhosted.org/packages/93/b3/bdb7c215d1080ea08deb5e151dc261f74f5b1d25544947e31e902eb1253f/msvc_runtime-14.44.35112-cp314-cp314-win_arm64.whl", hash = "sha256:81eb9346ab2a269ea934bf13492fe5c1cd50af871a2fbb973f0a514031e81b6a", size = 3300540, upload-time = "2025-08-08T03:58:06.52Z" },
    { url = "https://files.pythonhosted.org/packages/95/99/271ff26cf07d875766efa4a376fe9415c033f07fe85a1371a071aaa37aca/msvc_runtime-14.44.35112-cp314-cp314t-win32.whl", hash = "sha256:38d64f2db707be465a79c87f0bec347249af89614550d10ed0345f6a7f80cf73", size = 1976674, upload-time = "2025-08-08T03:58:07.902Z" },
    { url = "https://files.pythonhosted.org/packages/47/eb/76fd58fd64209e7f3dbfe59237e2c49ee6bdd4c21eba9efe5a2354dacd3e/msvc_runtime-14.44.35112-cp314-cp314t-win_amd64.whl", hash = "sha256:1105f8f8117ee210b85bd8c771dbefff8f8d35771ee7ce3291ddd91d2a03eff1", size = 1977068, upload-time = "2025-08-08T03:58:09.376Z" },
    { url = "https://files.pythonhosted.org/packages/e2/38/b1ff1734e257c99a6450c60a1632d0c9ddbdb049ee4095439a591a0949a5/msvc_runtime-14.44.35112-cp314-cp314t-win_arm64.whl", hash = "sha256:a2ab094e35fa04172f6fd5cfc7d2a2017755ea9c3ff39cad5c2a4456e0bff689", size = 3300780, upload-time = "2025-08-08T03:58:11.061Z" },
]

[[package]]
name = "robotpy-native-wpiutil"
version = "2026.2.2"
source = { registry = "https://pypi.org/simple" }
dependencies = [
    { name = "msvc-runtime", marker = "sys_platform == 'win32'" },
]
wheels = [
    { url = "https://files.pythonhosted.org/packages/37/c3/8518d0d32d25e4c1332d11487537b8f33a12dbe7b7e02775806e2d837492/robotpy_native_wpiutil-2026.2.2-py3-none-macosx_13_0_universal2.whl", hash = "sha256:b55cb828d593ae7cc7ceee2fe6865461eaf103c17bbb3460fd698dd24fb9f8b8", size = 3921028, upload-time = "2026-03-13T02:28:54.739Z" },
    { url = "https://files.pythonhosted.org/packages/51/bb/2147e373098de3a8996db9852d70a1708dd6208a591d926b989f1bbcc4bc/robotpy_native_wpiutil-2026.2.2-py3-none-manylinux_2_35_aarch64.whl", hash = "sha256:2478c76d0bb257be9dc8fc573d101e4aac67de7e4919b354de5359e6176854a8", size = 2598548, upload-time = "2026-03-13T02:28:56.239Z" },
    { url = "https://files.pythonhosted.org/packages/45/8c/13852e5af1b53e16a25d82d26544455eb6e826f8661c497244434f14076f/robotpy_native_wpiutil-2026.2.2-py3-none-manylinux_2_35_x86_64.whl", hash = "sha256:344462c441bbee86cd98062d8de99c1ae6259fc949b6dcec6c8cbfdfc48075ff", size = 2703538, upload-time = "2026-03-13T02:28:57.684Z" },
    { url = "https://files.pythonhosted.org/packages/50/60/5c3aa5772a2374a14884feab36e6a81443ea406801e3a2c15dbc59fdefd1/robotpy_native_wpiutil-2026.2.2-py3-none-win_amd64.whl", hash = "sha256:22250743e9c11f1381a57ef3e7eefa835073a164853805072dc54991527304d2", size = 3006586, upload-time = "2026-03-13T02:28:59.043Z" },
]

[[package]]
name = "robotpy-wpiutil"
version = "2026.2.2"
source = { registry = "https://pypi.org/simple" }
dependencies = [
    { name = "robotpy-native-wpiutil" },
]
wheels = [
    { url = "https://files.pythonhosted.org/packages/48/82/47c18c9690393c6f95aef94593de7dc978faae61815c2eea8aad27539f61/robotpy_wpiutil-2026.2.2-cp312-cp312-macosx_13_0_arm64.whl", hash = "sha256:4f19f37e0f5a8a6be626057572b9595fb7e70918b7b4247eb96c5cc331b638ae", size = 589727, upload-time = "2026-03-13T02:34:26.099Z" },
    { url = "https://files.pythonhosted.org/packages/db/da/bd3712893017fa3c1d255126e0ca8e04b3094f3227bd445cdaddf67a81af/robotpy_wpiutil-2026.2.2-cp312-cp312-macosx_13_0_x86_64.whl", hash = "sha256:c763113c777029dc18f0f530405fc47f6381c46d20f77d259190618fdddd6ddc", size = 590075, upload-time = "2026-03-13T02:34:27.301Z" },
    { url = "https://files.pythonhosted.org/packages/96/85/9c1b11236b2053ca32eef23a1c0148887f8300c7a3836f58df6d3e812f7f/robotpy_wpiutil-2026.2.2-cp312-cp312-manylinux_2_35_aarch64.whl", hash = "sha256:35ae3a5e229b6741c3a5d7fc85c466b030014b353e6130697c3d1105f3679328", size = 604916, upload-time = "2026-03-13T02:34:28.513Z" },
    { url = "https://files.pythonhosted.org/packages/7c/d4/f1a16c16deaba6edc20f59d6d2ae470d86aa29d4c65adfda97c3582f6cfd/robotpy_wpiutil-2026.2.2-cp312-cp312-manylinux_2_35_x86_64.whl", hash = "sha256:79de39e69a579e4a532fd763f7241db5ad854759fa776914f9e39707679dec3d", size = 671921, upload-time = "2026-03-13T02:34:30.048Z" },
    { url = "https://files.pythonhosted.org/packages/62/a4/0261726d73f92c4902085d9e79c50ada9972c66477b4ab6a049605789803/robotpy_wpiutil-2026.2.2-cp312-cp312-win_amd64.whl", hash = "sha256:f28e593e03d2f594002a126329a2b59b49f55b7f8d2a457aa6ed800a22e5acac", size = 348474, upload-time = "2026-03-13T02:34:31.256Z" },
    { url = "https://files.pythonhosted.org/packages/0b/3d/2a444b90f8e677a99ff41f4ef52706173ce46c3fa6154f6258953a4a2485/robotpy_wpiutil-2026.2.2-cp313-cp313-macosx_13_0_arm64.whl", hash = "sha256:b8b4da121bef1d0212c54b2967b8d118d009b04c4e94db50f5d1408237e0bc74", size = 589779, upload-time = "2026-03-13T02:34:32.607Z" },
    { url = "https://files.pythonhosted.org/packages/64/e0/cf0e5c85c2cbe75843a7a8a311f83236603890cadd9d7d3c997a392b166b/robotpy_wpiutil-2026.2.2-cp313-cp313-macosx_13_0_x86_64.whl", hash = "sha256:70116005a1279a49ab2e60e34f3e257691af7cfff5b3c03b34bc03329b27e740", size = 590327, upload-time = "2026-03-13T02:34:33.968Z" },
    { url = "https://files.pythonhosted.org/packages/28/af/7c466ba1b188e27cc5d0339afc0d26d1a2f99d3b8a97f6cd9fa8f58ce430/robotpy_wpiutil-2026.2.2-cp313-cp313-manylinux_2_35_aarch64.whl", hash = "sha256:22503f5dc13a39ba42904629bfe3db74395b8ff39f29ff2c40c4f8b98c3e6407", size = 605172, upload-time = "2026-03-13T02:34:35.232Z" },
    { url = "https://files.pythonhosted.org/packages/21/14/5a2f6144e1829d4bd1713c9f455c0cd97c995a563fa2515d9899f7605ad3/robotpy_wpiutil-2026.2.2-cp313-cp313-manylinux_2_35_x86_64.whl", hash = "sha256:5c5a2fb628fef57d79c1cb0a72639a6fcc68ab7ba5bc6aca13aaf440ef618286", size = 671458, upload-time = "2026-03-13T02:34:36.771Z" },
    { url = "https://files.pythonhosted.org/packages/d9/b3/3e8d036c1a000ff91947afeb8eac35d3f45c6923b62e134d0b27e24d27dd/robotpy_wpiutil-2026.2.2-cp313-cp313-win_amd64.whl", hash = "sha256:217ae7b135afc10b44722359aa74d6fe37709bb4aeb541742fc31a4d14df4705", size = 348483, upload-time = "2026-03-13T02:34:38.026Z" },
    { url = "https://files.pythonhosted.org/packages/a9/d0/4fb65bc8de9b83d656bbba2bb8b4fe8cb05df467a4ac6b9257ee795a99ad/robotpy_wpiutil-2026.2.2-cp314-cp314-macosx_13_0_arm64.whl", hash = "sha256:ae0acd43cdbf2309af0a98c0e8d180a2e9bfce691605a2fbb3a75b0a2633b803", size = 584096, upload-time = "2026-03-13T02:34:39.189Z" },
    { url = "https://files.pythonhosted.org/packages/bc/44/13f59667a783fad30c2bfb0c580d4991576aa24b9c77d18908f988314b39/robotpy_wpiutil-2026.2.2-cp314-cp314-macosx_13_0_x86_64.whl", hash = "sha256:55aa86c9a1b6df28cfc965d2fe99bca49624257f4c3f0c7b3be74b54c2a6897b", size = 589690, upload-time = "2026-03-13T02:34:40.35Z" },
    { url = "https://files.pythonhosted.org/packages/74/59/890e15fddee5d0b870ac833f72f4aa3b1482cc3d7a366ba69e902fa82467/robotpy_wpiutil-2026.2.2-cp314-cp314-manylinux_2_35_aarch64.whl", hash = "sha256:4cc6fdebe4a9abfe39de3bc7e666cc78dba79020c7276f73d41ee714e81efc58", size = 606703, upload-time = "2026-03-13T02:34:41.534Z" },
    { url = "https://files.pythonhosted.org/packages/b7/8a/85dfeb209250ae209dca688bacfd88e3ffdae67505191131d3a8f92aeede/robotpy_wpiutil-2026.2.2-cp314-cp314-manylinux_2_35_x86_64.whl", hash = "sha256:a428b6eb56d211aa1f7612a6324e538ced5ead5fa960b16ea63cd17723e3e2d9", size = 671868, upload-time = "2026-03-13T02:34:43.028Z" },
    { url = "https://files.pythonhosted.org/packages/82/4d/5f9bfbb1ea0a0d721b60caba09cd5d167735eb5c4b0b3e8ef2b5f3c00580/robotpy_wpiutil-2026.2.2-cp314-cp314-win_amd64.whl", hash = "sha256:37e1a4fdabf50263b1322a6efbe9c4d732c6374353fa7384fea633b737531f47", size = 357679, upload-time = "2026-03-13T02:34:45.231Z" },
]

[[package]]
name = "sysid"
version = "0.1.0"
source = { virtual = "." }
dependencies = [
    { name = "robotpy-wpiutil" },
]

[package.metadata]
requires-dist = [{ name = "robotpy-wpiutil" }]
